
Microsoft Visual Studio Solution File, Format Version 12.00
# Visual Studio Version 17
VisualStudioVersion = 17.8.34330.188
MinimumVisualStudioVersion = 10.0.40219.1
Project("{FAE04EC0-301F-11D3-BF4B-00C04F79EFBC}") = "MultidimensionalOptimizationAlgorithms", "MultidimensionalOptimizationAlgorithms\MultidimensionalOptimizationAlgorithms.csproj", "{F450C196-D94C-4DC9-9515-5DFE4E158879}"
EndProject
Global
	GlobalSection(SolutionConfigurationPlatforms) = preSolution
		Debug|Any CPU = Debug|Any CPU
		Release|Any CPU = Release|Any CPU
	EndGlobalSection
	GlobalSection(ProjectConfigurationPlatforms) = postSolution
		{F450C196-D94C-4DC9-9515-5DFE4E158879}.Debug|Any CPU.ActiveCfg = Debug|Any CPU
		{F450C196-D94C-4DC9-9515-5DFE4E158879}.Debug|Any CPU.Build.0 = Debug|Any CPU
		{F450C196-D94C-4DC9-9515-5DFE4E158879}.Release|Any CPU.ActiveCfg = Release|Any CPU
		{F450C196-D94C-4DC9-9515-5DFE4E158879}.Release|Any CPU.Build.0 = Release|Any CPU
	EndGlobalSection
	GlobalSection(SolutionProperties) = preSolution
		HideSolutionNode = FALSE
	EndGlobalSection
	GlobalSection(ExtensibilityGlobals) = postSolution
		SolutionGuid = {12D41AC8-6691-488F-A7BE-5E892A35A8EF}
	EndGlobalSection
EndGlobal
